
Microsoft Visual Studio Solution File, Format Version 12.00
# Visual Studio Version 17
VisualStudioVersion = 17.12.35209.166
MinimumVisualStudioVersion = 10.0.40219.1
Project("{FAE04EC0-301F-11D3-BF4B-00C04F79EFBC}") = "Algorithms", "Algorithms.csproj", "{B9614BD6-7803-4ACD-BDE7-E778884E270B}"
EndProject
Global
	GlobalSection(SolutionConfigurationPlatforms) = preSolution
		Debug|Any CPU = Debug|Any CPU
		Release|Any CPU = Release|Any CPU
	EndGlobalSection
	GlobalSection(ProjectConfigurationPlatforms) = postSolution
		{B9614BD6-7803-4ACD-BDE7-E778884E270B}.Debug|Any CPU.ActiveCfg = Debug|Any CPU
		{B9614BD6-7803-4ACD-BDE7-E778884E270B}.Debug|Any CPU.Build.0 = Debug|Any CPU
		{B9614BD6-7803-4ACD-BDE7-E778884E270B}.Release|Any CPU.ActiveCfg = Release|Any CPU
		{B9614BD6-7803-4ACD-BDE7-E778884E270B}.Release|Any CPU.Build.0 = Release|Any CPU
	EndGlobalSection
	GlobalSection(SolutionProperties) = preSolution
		HideSolutionNode = FALSE
	EndGlobalSection
	GlobalSection(ExtensibilityGlobals) = postSolution
		SolutionGuid = {AB3C4110-4365-4345-ADBA-A477BE57CA49}
	EndGlobalSection
EndGlobal
